
Microsoft Visual Studio Solution File, Format Version 12.00
# Visual Studio Version 16
VisualStudioVersion = 16.0.30011.22
MinimumVisualStudioVersion = 10.0.40219.1
Project("{FAE04EC0-301F-11D3-BF4B-00C04F79EFBC}") = "PanelScheduleExporter2018", "PanelSchedExport2018\PanelScheduleExporter2018.csproj", "{A9AEEBDE-BF32-476B-B62C-CDB55789E3C6}"
EndProject
Project("{FAE04EC0-301F-11D3-BF4B-00C04F79EFBC}") = "PanelScheduleExporter2019", "PanelSchedExport2019\PanelScheduleExporter2019.csproj", "{218F07B1-1491-4CF0-B95E-7EFD1376EA1A}"
EndProject
Project("{FAE04EC0-301F-11D3-BF4B-00C04F79EFBC}") = "PanelScheduleExporter2020", "PanelSchedExport2020\PanelScheduleExporter2020.csproj", "{9963C8C4-753F-4DEB-9DDF-C6C6FEFC6BD7}"
EndProject
Project("{FAE04EC0-301F-11D3-BF4B-00C04F79EFBC}") = "PanelScheduleExporter2021", "PanelSchedExport2021\PanelScheduleExporter2021.csproj", "{B96E83F9-364F-4DAB-93D8-619F1DA104E5}"
EndProject
Project("{FAE04EC0-301F-11D3-BF4B-00C04F79EFBC}") = "PanelScheduleExporter.UI", "PanelScheduleExporter.UI\PanelScheduleExporter.UI.csproj", "{CF6C0532-9D0D-446A-9BCD-1DAE710B23DA}"
EndProject
Global
	GlobalSection(SolutionConfigurationPlatforms) = preSolution
		Debug|Any CPU = Debug|Any CPU
		Debug2015|Any CPU = Debug2015|Any CPU
		Debug2017|Any CPU = Debug2017|Any CPU
		Debug2018|Any CPU = Debug2018|Any CPU
		Debug2019|Any CPU = Debug2019|Any CPU
		Release|Any CPU = Release|Any CPU
	EndGlobalSection
	GlobalSection(ProjectConfigurationPlatforms) = postSolution
		{A9AEEBDE-BF32-476B-B62C-CDB55789E3C6}.Debug|Any CPU.ActiveCfg = Debug|Any CPU
		{A9AEEBDE-BF32-476B-B62C-CDB55789E3C6}.Debug|Any CPU.Build.0 = Debug|Any CPU
		{A9AEEBDE-BF32-476B-B62C-CDB55789E3C6}.Debug2015|Any CPU.ActiveCfg = Debug2018|Any CPU
		{A9AEEBDE-BF32-476B-B62C-CDB55789E3C6}.Debug2015|Any CPU.Build.0 = Debug2018|Any CPU
		{A9AEEBDE-BF32-476B-B62C-CDB55789E3C6}.Debug2017|Any CPU.ActiveCfg = Debug2018|Any CPU
		{A9AEEBDE-BF32-476B-B62C-CDB55789E3C6}.Debug2017|Any CPU.Build.0 = Debug2018|Any CPU
		{A9AEEBDE-BF32-476B-B62C-CDB55789E3C6}.Debug2018|Any CPU.ActiveCfg = Debug2018|Any CPU
		{A9AEEBDE-BF32-476B-B62C-CDB55789E3C6}.Debug2018|Any CPU.Build.0 = Debug2018|Any CPU
		{A9AEEBDE-BF32-476B-B62C-CDB55789E3C6}.Debug2019|Any CPU.ActiveCfg = Debug2018|Any CPU
		{A9AEEBDE-BF32-476B-B62C-CDB55789E3C6}.Debug2019|Any CPU.Build.0 = Debug2018|Any CPU
		{A9AEEBDE-BF32-476B-B62C-CDB55789E3C6}.Release|Any CPU.ActiveCfg = Release|Any CPU
		{A9AEEBDE-BF32-476B-B62C-CDB55789E3C6}.Release|Any CPU.Build.0 = Release|Any CPU
		{218F07B1-1491-4CF0-B95E-7EFD1376EA1A}.Debug|Any CPU.ActiveCfg = Debug|Any CPU
		{218F07B1-1491-4CF0-B95E-7EFD1376EA1A}.Debug|Any CPU.Build.0 = Debug|Any CPU
		{218F07B1-1491-4CF0-B95E-7EFD1376EA1A}.Debug2015|Any CPU.ActiveCfg = Debug2019|Any CPU
		{218F07B1-1491-4CF0-B95E-7EFD1376EA1A}.Debug2015|Any CPU.Build.0 = Debug2019|Any CPU
		{218F07B1-1491-4CF0-B95E-7EFD1376EA1A}.Debug2017|Any CPU.ActiveCfg = Debug2019|Any CPU
		{218F07B1-1491-4CF0-B95E-7EFD1376EA1A}.Debug2017|Any CPU.Build.0 = Debug2019|Any CPU
		{218F07B1-1491-4CF0-B95E-7EFD1376EA1A}.Debug2018|Any CPU.ActiveCfg = Debug2019|Any CPU
		{218F07B1-1491-4CF0-B95E-7EFD1376EA1A}.Debug2018|Any CPU.Build.0 = Debug2019|Any CPU
		{218F07B1-1491-4CF0-B95E-7EFD1376EA1A}.Debug2019|Any CPU.ActiveCfg = Debug2019|Any CPU
		{218F07B1-1491-4CF0-B95E-7EFD1376EA1A}.Debug2019|Any CPU.Build.0 = Debug2019|Any CPU
		{218F07B1-1491-4CF0-B95E-7EFD1376EA1A}.Release|Any CPU.ActiveCfg = Release|Any CPU
		{218F07B1-1491-4CF0-B95E-7EFD1376EA1A}.Release|Any CPU.Build.0 = Release|Any CPU
		{9963C8C4-753F-4DEB-9DDF-C6C6FEFC6BD7}.Debug|Any CPU.ActiveCfg = Debug|Any CPU
		{9963C8C4-753F-4DEB-9DDF-C6C6FEFC6BD7}.Debug|Any CPU.Build.0 = Debug|Any CPU
		{9963C8C4-753F-4DEB-9DDF-C6C6FEFC6BD7}.Debug2015|Any CPU.ActiveCfg = Debug|Any CPU
		{9963C8C4-753F-4DEB-9DDF-C6C6FEFC6BD7}.Debug2015|Any CPU.Build.0 = Debug|Any CPU
		{9963C8C4-753F-4DEB-9DDF-C6C6FEFC6BD7}.Debug2017|Any CPU.ActiveCfg = Debug|Any CPU
		{9963C8C4-753F-4DEB-9DDF-C6C6FEFC6BD7}.Debug2017|Any CPU.Build.0 = Debug|Any CPU
		{9963C8C4-753F-4DEB-9DDF-C6C6FEFC6BD7}.Debug2018|Any CPU.ActiveCfg = Debug|Any CPU
		{9963C8C4-753F-4DEB-9DDF-C6C6FEFC6BD7}.Debug2018|Any CPU.Build.0 = Debug|Any CPU
		{9963C8C4-753F-4DEB-9DDF-C6C6FEFC6BD7}.Debug2019|Any CPU.ActiveCfg = Debug|Any CPU
		{9963C8C4-753F-4DEB-9DDF-C6C6FEFC6BD7}.Debug2019|Any CPU.Build.0 = Debug|Any CPU
		{9963C8C4-753F-4DEB-9DDF-C6C6FEFC6BD7}.Release|Any CPU.ActiveCfg = Release|Any CPU
		{9963C8C4-753F-4DEB-9DDF-C6C6FEFC6BD7}.Release|Any CPU.Build.0 = Release|Any CPU
		{B96E83F9-364F-4DAB-93D8-619F1DA104E5}.Debug|Any CPU.ActiveCfg = Debug|Any CPU
		{B96E83F9-364F-4DAB-93D8-619F1DA104E5}.Debug|Any CPU.Build.0 = Debug|Any CPU
		{B96E83F9-364F-4DAB-93D8-619F1DA104E5}.Debug2015|Any CPU.ActiveCfg = Debug|Any CPU
		{B96E83F9-364F-4DAB-93D8-619F1DA104E5}.Debug2015|Any CPU.Build.0 = Debug|Any CPU
		{B96E83F9-364F-4DAB-93D8-619F1DA104E5}.Debug2017|Any CPU.ActiveCfg = Debug|Any CPU
		{B96E83F9-364F-4DAB-93D8-619F1DA104E5}.Debug2017|Any CPU.Build.0 = Debug|Any CPU
		{B96E83F9-364F-4DAB-93D8-619F1DA104E5}.Debug2018|Any CPU.ActiveCfg = Debug|Any CPU
		{B96E83F9-364F-4DAB-93D8-619F1DA104E5}.Debug2018|Any CPU.Build.0 = Debug|Any CPU
		{B96E83F9-364F-4DAB-93D8-619F1DA104E5}.Debug2019|Any CPU.ActiveCfg = Debug|Any CPU
		{B96E83F9-364F-4DAB-93D8-619F1DA104E5}.Debug2019|Any CPU.Build.0 = Debug|Any CPU
		{B96E83F9-364F-4DAB-93D8-619F1DA104E5}.Release|Any CPU.ActiveCfg = Release|Any CPU
		{B96E83F9-364F-4DAB-93D8-619F1DA104E5}.Release|Any CPU.Build.0 = Release|Any CPU
		{CF6C0532-9D0D-446A-9BCD-1DAE710B23DA}.Debug|Any CPU.ActiveCfg = Debug|Any CPU
		{CF6C0532-9D0D-446A-9BCD-1DAE710B23DA}.Debug|Any CPU.Build.0 = Debug|Any CPU
		{CF6C0532-9D0D-446A-9BCD-1DAE710B23DA}.Debug2015|Any CPU.ActiveCfg = Debug|Any CPU
		{CF6C0532-9D0D-446A-9BCD-1DAE710B23DA}.Debug2015|Any CPU.Build.0 = Debug|Any CPU
		{CF6C0532-9D0D-446A-9BCD-1DAE710B23DA}.Debug2017|Any CPU.ActiveCfg = Debug|Any CPU
		{CF6C0532-9D0D-446A-9BCD-1DAE710B23DA}.Debug2017|Any CPU.Build.0 = Debug|Any CPU
		{CF6C0532-9D0D-446A-9BCD-1DAE710B23DA}.Debug2018|Any CPU.ActiveCfg = Debug|Any CPU
		{CF6C0532-9D0D-446A-9BCD-1DAE710B23DA}.Debug2018|Any CPU.Build.0 = Debug|Any CPU
		{CF6C0532-9D0D-446A-9BCD-1DAE710B23DA}.Debug2019|Any CPU.ActiveCfg = Debug|Any CPU
		{CF6C0532-9D0D-446A-9BCD-1DAE710B23DA}.Debug2019|Any CPU.Build.0 = Debug|Any CPU
		{CF6C0532-9D0D-446A-9BCD-1DAE710B23DA}.Release|Any CPU.ActiveCfg = Release|Any CPU
		{CF6C0532-9D0D-446A-9BCD-1DAE710B23DA}.Release|Any CPU.Build.0 = Release|Any CPU
	EndGlobalSection
	GlobalSection(SolutionProperties) = preSolution
		HideSolutionNode = FALSE
	EndGlobalSection
	GlobalSection(ExtensibilityGlobals) = postSolution
		SolutionGuid = {15CEAE5B-F0E6-4D59-ACA9-D1CC8B6BC345}
	EndGlobalSection
EndGlobal
